
Microsoft Visual Studio Solution File, Format Version 12.00
# Visual Studio 2013
VisualStudioVersion = 12.0.31101.0
MinimumVisualStudioVersion = 10.0.40219.1
Project("{FAE04EC0-301F-11D3-BF4B-00C04F79EFBC}") = "DataExchangeSolution", "DataExchangeSolution\DataExchangeSolution.csproj", "{98C5D035-0C5A-481D-9305-F48D88469F46}"
EndProject
Project("{FAE04EC0-301F-11D3-BF4B-00C04F79EFBC}") = "ifc2gbXMLConverter", "..\ifc2gbXMLConverter\ifc2gbXMLConverter\ifc2gbXMLConverter.csproj", "{A009D7B8-9F4C-4D8E-93F0-E2402DA2ADA1}"
EndProject
Project("{FAE04EC0-301F-11D3-BF4B-00C04F79EFBC}") = "ifc2RVTConverter", "..\ifc2RVTConverter\ifc2RVTConverter\ifc2RVTConverter.csproj", "{6FC14F08-1C89-42D5-BBC1-64D53CA08483}"
EndProject
Project("{FAE04EC0-301F-11D3-BF4B-00C04F79EFBC}") = "energyAnalysis", "..\energyAnalysis\energyAnalysis\energyAnalysis.csproj", "{2680B558-75A6-410D-A6E2-9CD04F3ACBD7}"
EndProject
Project("{FAE04EC0-301F-11D3-BF4B-00C04F79EFBC}") = "Logger", "..\Logger\Logger\Logger.csproj", "{479C8C12-A70B-40E0-97B7-AB75409BC155}"
EndProject
Project("{FAE04EC0-301F-11D3-BF4B-00C04F79EFBC}") = "rvt2IFCConverter", "..\rvt2IFCConverter\rvt2IFCConverter\rvt2IFCConverter.csproj", "{E0519CFF-079B-4A4C-AA47-0BA388DFF57B}"
EndProject
Project("{FAE04EC0-301F-11D3-BF4B-00C04F79EFBC}") = "rvt2gbXMLConverter", "..\rvt2gbXMLConverter\rvt2gbXMLConverter\rvt2gbXMLConverter.csproj", "{11865201-E390-4844-AB13-87E1BE9F518E}"
EndProject
Project("{8BC9CEB8-8B4A-11D0-8D11-00A0C91BC942}") = "FindAddress", "..\FindAddress\FindAddress\FindAddress.vcxproj", "{C0260A13-FED0-427D-BEDD-9AFDCE40DE46}"
EndProject
Project("{FAE04EC0-301F-11D3-BF4B-00C04F79EFBC}") = "gbXML2IDFConverter", "..\gbXML2IDFConverter.DesignBuilder\gbXML2IDFConverter\gbXML2IDFConverter.csproj", "{517768C9-377F-4517-A5D3-57816F939DF9}"
EndProject
Global
	GlobalSection(SolutionConfigurationPlatforms) = preSolution
		Debug|Any CPU = Debug|Any CPU
		Debug|Mixed Platforms = Debug|Mixed Platforms
		Debug|Win32 = Debug|Win32
		Release|Any CPU = Release|Any CPU
		Release|Mixed Platforms = Release|Mixed Platforms
		Release|Win32 = Release|Win32
	EndGlobalSection
	GlobalSection(ProjectConfigurationPlatforms) = postSolution
		{98C5D035-0C5A-481D-9305-F48D88469F46}.Debug|Any CPU.ActiveCfg = Debug|Any CPU
		{98C5D035-0C5A-481D-9305-F48D88469F46}.Debug|Any CPU.Build.0 = Debug|Any CPU
		{98C5D035-0C5A-481D-9305-F48D88469F46}.Debug|Mixed Platforms.ActiveCfg = Debug|Any CPU
		{98C5D035-0C5A-481D-9305-F48D88469F46}.Debug|Mixed Platforms.Build.0 = Debug|Any CPU
		{98C5D035-0C5A-481D-9305-F48D88469F46}.Debug|Win32.ActiveCfg = Debug|Any CPU
		{98C5D035-0C5A-481D-9305-F48D88469F46}.Release|Any CPU.ActiveCfg = Release|Any CPU
		{98C5D035-0C5A-481D-9305-F48D88469F46}.Release|Any CPU.Build.0 = Release|Any CPU
		{98C5D035-0C5A-481D-9305-F48D88469F46}.Release|Mixed Platforms.ActiveCfg = Release|Any CPU
		{98C5D035-0C5A-481D-9305-F48D88469F46}.Release|Mixed Platforms.Build.0 = Release|Any CPU
		{98C5D035-0C5A-481D-9305-F48D88469F46}.Release|Win32.ActiveCfg = Release|Any CPU
		{A009D7B8-9F4C-4D8E-93F0-E2402DA2ADA1}.Debug|Any CPU.ActiveCfg = Debug|Any CPU
		{A009D7B8-9F4C-4D8E-93F0-E2402DA2ADA1}.Debug|Any CPU.Build.0 = Debug|Any CPU
		{A009D7B8-9F4C-4D8E-93F0-E2402DA2ADA1}.Debug|Mixed Platforms.ActiveCfg = Debug|Any CPU
		{A009D7B8-9F4C-4D8E-93F0-E2402DA2ADA1}.Debug|Mixed Platforms.Build.0 = Debug|Any CPU
		{A009D7B8-9F4C-4D8E-93F0-E2402DA2ADA1}.Debug|Win32.ActiveCfg = Debug|Any CPU
		{A009D7B8-9F4C-4D8E-93F0-E2402DA2ADA1}.Release|Any CPU.ActiveCfg = Release|Any CPU
		{A009D7B8-9F4C-4D8E-93F0-E2402DA2ADA1}.Release|Any CPU.Build.0 = Release|Any CPU
		{A009D7B8-9F4C-4D8E-93F0-E2402DA2ADA1}.Release|Mixed Platforms.ActiveCfg = Release|Any CPU
		{A009D7B8-9F4C-4D8E-93F0-E2402DA2ADA1}.Release|Mixed Platforms.Build.0 = Release|Any CPU
		{A009D7B8-9F4C-4D8E-93F0-E2402DA2ADA1}.Release|Win32.ActiveCfg = Release|Any CPU
		{6FC14F08-1C89-42D5-BBC1-64D53CA08483}.Debug|Any CPU.ActiveCfg = Debug|Any CPU
		{6FC14F08-1C89-42D5-BBC1-64D53CA08483}.Debug|Any CPU.Build.0 = Debug|Any CPU
		{6FC14F08-1C89-42D5-BBC1-64D53CA08483}.Debug|Mixed Platforms.ActiveCfg = Debug|Any CPU
		{6FC14F08-1C89-42D5-BBC1-64D53CA08483}.Debug|Mixed Platforms.Build.0 = Debug|Any CPU
		{6FC14F08-1C89-42D5-BBC1-64D53CA08483}.Debug|Win32.ActiveCfg = Debug|Any CPU
		{6FC14F08-1C89-42D5-BBC1-64D53CA08483}.Release|Any CPU.ActiveCfg = Release|Any CPU
		{6FC14F08-1C89-42D5-BBC1-64D53CA08483}.Release|Any CPU.Build.0 = Release|Any CPU
		{6FC14F08-1C89-42D5-BBC1-64D53CA08483}.Release|Mixed Platforms.ActiveCfg = Release|Any CPU
		{6FC14F08-1C89-42D5-BBC1-64D53CA08483}.Release|Mixed Platforms.Build.0 = Release|Any CPU
		{6FC14F08-1C89-42D5-BBC1-64D53CA08483}.Release|Win32.ActiveCfg = Release|Any CPU
		{2680B558-75A6-410D-A6E2-9CD04F3ACBD7}.Debug|Any CPU.ActiveCfg = Debug|Any CPU
		{2680B558-75A6-410D-A6E2-9CD04F3ACBD7}.Debug|Any CPU.Build.0 = Debug|Any CPU
		{2680B558-75A6-410D-A6E2-9CD04F3ACBD7}.Debug|Mixed Platforms.ActiveCfg = Debug|Any CPU
		{2680B558-75A6-410D-A6E2-9CD04F3ACBD7}.Debug|Mixed Platforms.Build.0 = Debug|Any CPU
		{2680B558-75A6-410D-A6E2-9CD04F3ACBD7}.Debug|Win32.ActiveCfg = Debug|Any CPU
		{2680B558-75A6-410D-A6E2-9CD04F3ACBD7}.Release|Any CPU.ActiveCfg = Release|Any CPU
		{2680B558-75A6-410D-A6E2-9CD04F3ACBD7}.Release|Any CPU.Build.0 = Release|Any CPU
		{2680B558-75A6-410D-A6E2-9CD04F3ACBD7}.Release|Mixed Platforms.ActiveCfg = Release|Any CPU
		{2680B558-75A6-410D-A6E2-9CD04F3ACBD7}.Release|Mixed Platforms.Build.0 = Release|Any CPU
		{2680B558-75A6-410D-A6E2-9CD04F3ACBD7}.Release|Win32.ActiveCfg = Release|Any CPU
		{479C8C12-A70B-40E0-97B7-AB75409BC155}.Debug|Any CPU.ActiveCfg = Debug|Any CPU
		{479C8C12-A70B-40E0-97B7-AB75409BC155}.Debug|Any CPU.Build.0 = Debug|Any CPU
		{479C8C12-A70B-40E0-97B7-AB75409BC155}.Debug|Mixed Platforms.ActiveCfg = Debug|Any CPU
		{479C8C12-A70B-40E0-97B7-AB75409BC155}.Debug|Mixed Platforms.Build.0 = Debug|Any CPU
		{479C8C12-A70B-40E0-97B7-AB75409BC155}.Debug|Win32.ActiveCfg = Debug|Any CPU
		{479C8C12-A70B-40E0-97B7-AB75409BC155}.Release|Any CPU.ActiveCfg = Release|Any CPU
		{479C8C12-A70B-40E0-97B7-AB75409BC155}.Release|Any CPU.Build.0 = Release|Any CPU
		{479C8C12-A70B-40E0-97B7-AB75409BC155}.Release|Mixed Platforms.ActiveCfg = Release|Any CPU
		{479C8C12-A70B-40E0-97B7-AB75409BC155}.Release|Mixed Platforms.Build.0 = Release|Any CPU
		{479C8C12-A70B-40E0-97B7-AB75409BC155}.Release|Win32.ActiveCfg = Release|Any CPU
		{E0519CFF-079B-4A4C-AA47-0BA388DFF57B}.Debug|Any CPU.ActiveCfg = Debug|Any CPU
		{E0519CFF-079B-4A4C-AA47-0BA388DFF57B}.Debug|Any CPU.Build.0 = Debug|Any CPU
		{E0519CFF-079B-4A4C-AA47-0BA388DFF57B}.Debug|Mixed Platforms.ActiveCfg = Debug|Any CPU
		{E0519CFF-079B-4A4C-AA47-0BA388DFF57B}.Debug|Mixed Platforms.Build.0 = Debug|Any CPU
		{E0519CFF-079B-4A4C-AA47-0BA388DFF57B}.Debug|Win32.ActiveCfg = Debug|Any CPU
		{E0519CFF-079B-4A4C-AA47-0BA388DFF57B}.Release|Any CPU.ActiveCfg = Release|Any CPU
		{E0519CFF-079B-4A4C-AA47-0BA388DFF57B}.Release|Any CPU.Build.0 = Release|Any CPU
		{E0519CFF-079B-4A4C-AA47-0BA388DFF57B}.Release|Mixed Platforms.ActiveCfg = Release|Any CPU
		{E0519CFF-079B-4A4C-AA47-0BA388DFF57B}.Release|Mixed Platforms.Build.0 = Release|Any CPU
		{E0519CFF-079B-4A4C-AA47-0BA388DFF57B}.Release|Win32.ActiveCfg = Release|Any CPU
		{11865201-E390-4844-AB13-87E1BE9F518E}.Debug|Any CPU.ActiveCfg = Debug|Any CPU
		{11865201-E390-4844-AB13-87E1BE9F518E}.Debug|Any CPU.Build.0 = Debug|Any CPU
		{11865201-E390-4844-AB13-87E1BE9F518E}.Debug|Mixed Platforms.ActiveCfg = Debug|Any CPU
		{11865201-E390-4844-AB13-87E1BE9F518E}.Debug|Mixed Platforms.Build.0 = Debug|Any CPU
		{11865201-E390-4844-AB13-87E1BE9F518E}.Debug|Win32.ActiveCfg = Debug|Any CPU
		{11865201-E390-4844-AB13-87E1BE9F518E}.Release|Any CPU.ActiveCfg = Release|Any CPU
		{11865201-E390-4844-AB13-87E1BE9F518E}.Release|Any CPU.Build.0 = Release|Any CPU
		{11865201-E390-4844-AB13-87E1BE9F518E}.Release|Mixed Platforms.ActiveCfg = Release|Any CPU
		{11865201-E390-4844-AB13-87E1BE9F518E}.Release|Mixed Platforms.Build.0 = Release|Any CPU
		{11865201-E390-4844-AB13-87E1BE9F518E}.Release|Win32.ActiveCfg = Release|Any CPU
		{C0260A13-FED0-427D-BEDD-9AFDCE40DE46}.Debug|Any CPU.ActiveCfg = Debug|Win32
		{C0260A13-FED0-427D-BEDD-9AFDCE40DE46}.Debug|Mixed Platforms.ActiveCfg = Debug|Win32
		{C0260A13-FED0-427D-BEDD-9AFDCE40DE46}.Debug|Mixed Platforms.Build.0 = Debug|Win32
		{C0260A13-FED0-427D-BEDD-9AFDCE40DE46}.Debug|Win32.ActiveCfg = Debug|Win32
		{C0260A13-FED0-427D-BEDD-9AFDCE40DE46}.Debug|Win32.Build.0 = Debug|Win32
		{C0260A13-FED0-427D-BEDD-9AFDCE40DE46}.Release|Any CPU.ActiveCfg = Release|Win32
		{C0260A13-FED0-427D-BEDD-9AFDCE40DE46}.Release|Mixed Platforms.ActiveCfg = Release|Win32
		{C0260A13-FED0-427D-BEDD-9AFDCE40DE46}.Release|Mixed Platforms.Build.0 = Release|Win32
		{C0260A13-FED0-427D-BEDD-9AFDCE40DE46}.Release|Win32.ActiveCfg = Release|Win32
		{C0260A13-FED0-427D-BEDD-9AFDCE40DE46}.Release|Win32.Build.0 = Release|Win32
		{517768C9-377F-4517-A5D3-57816F939DF9}.Debug|Any CPU.ActiveCfg = Debug|Any CPU
		{517768C9-377F-4517-A5D3-57816F939DF9}.Debug|Any CPU.Build.0 = Debug|Any CPU
		{517768C9-377F-4517-A5D3-57816F939DF9}.Debug|Mixed Platforms.ActiveCfg = Debug|Any CPU
		{517768C9-377F-4517-A5D3-57816F939DF9}.Debug|Mixed Platforms.Build.0 = Debug|Any CPU
		{517768C9-377F-4517-A5D3-57816F939DF9}.Debug|Win32.ActiveCfg = Debug|Any CPU
		{517768C9-377F-4517-A5D3-57816F939DF9}.Release|Any CPU.ActiveCfg = Release|Any CPU
		{517768C9-377F-4517-A5D3-57816F939DF9}.Release|Any CPU.Build.0 = Release|Any CPU
		{517768C9-377F-4517-A5D3-57816F939DF9}.Release|Mixed Platforms.ActiveCfg = Release|Any CPU
		{517768C9-377F-4517-A5D3-57816F939DF9}.Release|Mixed Platforms.Build.0 = Release|Any CPU
		{517768C9-377F-4517-A5D3-57816F939DF9}.Release|Win32.ActiveCfg = Release|Any CPU
	EndGlobalSection
	GlobalSection(SolutionProperties) = preSolution
		HideSolutionNode = FALSE
	EndGlobalSection
EndGlobal
